Microsoft Visual Studio Solution File, Format Version 11.00
# Visual Studio 2008

Project("{083FB836-F486-9202-91BC-D60642CC0276}") = "Xenith Racing", "Assembly-CSharp-firstpass.csproj", "{F1C1FEFC-DB5C-E261-125E-B56F63221DC3}"
EndProject
Project("{083FB836-F486-9202-91BC-D60642CC0276}") = "Xenith Racing", "Assembly-UnityScript.unityproj", "{945B8E64-CC85-9AC7-8B5A-A3AD269047E2}"
EndProject
Global
	GlobalSection(SolutionConfigurationPlatforms) = preSolution
		Debug|Any CPU = Debug|Any CPU
		Release|Any CPU = Release|Any CPU
	EndGlobalSection
	GlobalSection(ProjectConfigurationPlatforms) = postSolution
		{F1C1FEFC-DB5C-E261-125E-B56F63221DC3}.Debug|Any CPU.ActiveCfg = Debug|Any CPU
		{F1C1FEFC-DB5C-E261-125E-B56F63221DC3}.Debug|Any CPU.Build.0 = Debug|Any CPU
		{F1C1FEFC-DB5C-E261-125E-B56F63221DC3}.Release|Any CPU.ActiveCfg = Release|Any CPU
		{F1C1FEFC-DB5C-E261-125E-B56F63221DC3}.Release|Any CPU.Build.0 = Release|Any CPU
		{945B8E64-CC85-9AC7-8B5A-A3AD269047E2}.Debug|Any CPU.ActiveCfg = Debug|Any CPU
		{945B8E64-CC85-9AC7-8B5A-A3AD269047E2}.Debug|Any CPU.Build.0 = Debug|Any CPU
		{945B8E64-CC85-9AC7-8B5A-A3AD269047E2}.Release|Any CPU.ActiveCfg = Release|Any CPU
		{945B8E64-CC85-9AC7-8B5A-A3AD269047E2}.Release|Any CPU.Build.0 = Release|Any CPU
	EndGlobalSection
	GlobalSection(SolutionProperties) = preSolution
		HideSolutionNode = FALSE
	EndGlobalSection
																																GlobalSection(MonoDevelopProperties) = preSolution
		StartupItem = Assembly-CSharp.csproj
		Policies = $0
		$0.TextStylePolicy = $1
		$1.inheritsSet = null
		$1.scope = text/x-csharp
		$0.CSharpFormattingPolicy = $2
		$2.inheritsSet = Mono
		$2.inheritsScope = text/x-csharp
		$2.scope = text/x-csharp
		$0.TextStylePolicy = $3
		$3.FileWidth = 120
		$3.TabWidth = 4
		$3.EolMarker = Unix
		$3.inheritsSet = Mono
		$3.inheritsScope = text/plain
		$3.scope = text/plain
	EndGlobalSection

EndGlobal
